Microsoft Visual Studio Solution File, Format Version 8.00
Project("{FAE04EC0-301F-11D3-BF4B-00C04F79EFBC}") = "StringTemplate (VS2003)", "StringTemplate\StringTemplate (VS2003).csproj", "{40C36DEB-99E4-478E-90F5-E7B4B54A5C70}"
	ProjectSection(ProjectDependencies) = postProject
	EndProjectSection
EndProject
Project("{FAE04EC0-301F-11D3-BF4B-00C04F79EFBC}") = "StringTemplateTests (VS2003)", "StringTemplateTests\StringTemplateTests (VS2003).csproj", "{4A37678A-CA28-4B23-A98A-5B8004CEA549}"
	ProjectSection(ProjectDependencies) = postProject
	EndProjectSection
EndProject
Project("{FAE04EC0-301F-11D3-BF4B-00C04F79EFBC}") = "StringTemplateViewer (VS2003)", "StringTemplateViewer\StringTemplateViewer (VS2003).csproj", "{98E5081C-5CDA-4434-8D3D-0CDB6CD9EC1A}"
	ProjectSection(ProjectDependencies) = postProject
	EndProjectSection
EndProject
Project("{FAE04EC0-301F-11D3-BF4B-00C04F79EFBC}") = "StringTemplateTreeView (VS2003)", "StringTemplateTreeView\StringTemplateTreeView (VS2003).csproj", "{FB7F92E5-05AF-4A99-9AFC-36F85D0B9DBC}"
	ProjectSection(ProjectDependencies) = postProject
	EndProjectSection
EndProject
Project("{FAE04EC0-301F-11D3-BF4B-00C04F79EFBC}") = "StringTemplate.Benchmark (VS2003)", "StringTemplate.Benchmark\StringTemplate.Benchmark (VS2003).csproj", "{CA50DBBB-2264-446A-A479-FC4A95A9042A}"
	ProjectSection(ProjectDependencies) = postProject
	EndProjectSection
EndProject
Global
	GlobalSection(SolutionConfiguration) = preSolution
		Debug = Debug
		Release = Release
	EndGlobalSection
	GlobalSection(ProjectConfiguration) = postSolution
		{40C36DEB-99E4-478E-90F5-E7B4B54A5C70}.Debug.ActiveCfg = Debug|.NET
		{40C36DEB-99E4-478E-90F5-E7B4B54A5C70}.Debug.Build.0 = Debug|.NET
		{40C36DEB-99E4-478E-90F5-E7B4B54A5C70}.Release.ActiveCfg = Release|.NET
		{40C36DEB-99E4-478E-90F5-E7B4B54A5C70}.Release.Build.0 = Release|.NET
		{4A37678A-CA28-4B23-A98A-5B8004CEA549}.Debug.ActiveCfg = Debug|.NET
		{4A37678A-CA28-4B23-A98A-5B8004CEA549}.Debug.Build.0 = Debug|.NET
		{4A37678A-CA28-4B23-A98A-5B8004CEA549}.Release.ActiveCfg = Release|.NET
		{4A37678A-CA28-4B23-A98A-5B8004CEA549}.Release.Build.0 = Release|.NET
		{98E5081C-5CDA-4434-8D3D-0CDB6CD9EC1A}.Debug.ActiveCfg = Debug|.NET
		{98E5081C-5CDA-4434-8D3D-0CDB6CD9EC1A}.Debug.Build.0 = Debug|.NET
		{98E5081C-5CDA-4434-8D3D-0CDB6CD9EC1A}.Release.ActiveCfg = Release|.NET
		{98E5081C-5CDA-4434-8D3D-0CDB6CD9EC1A}.Release.Build.0 = Release|.NET
		{FB7F92E5-05AF-4A99-9AFC-36F85D0B9DBC}.Debug.ActiveCfg = Debug|.NET
		{FB7F92E5-05AF-4A99-9AFC-36F85D0B9DBC}.Debug.Build.0 = Debug|.NET
		{FB7F92E5-05AF-4A99-9AFC-36F85D0B9DBC}.Release.ActiveCfg = Release|.NET
		{FB7F92E5-05AF-4A99-9AFC-36F85D0B9DBC}.Release.Build.0 = Release|.NET
		{CA50DBBB-2264-446A-A479-FC4A95A9042A}.Debug.ActiveCfg = Debug|.NET
		{CA50DBBB-2264-446A-A479-FC4A95A9042A}.Debug.Build.0 = Debug|.NET
		{CA50DBBB-2264-446A-A479-FC4A95A9042A}.Release.ActiveCfg = Release|.NET
		{CA50DBBB-2264-446A-A479-FC4A95A9042A}.Release.Build.0 = Release|.NET
	EndGlobalSection
	GlobalSection(ExtensibilityGlobals) = postSolution
	EndGlobalSection
	GlobalSection(ExtensibilityAddIns) = postSolution
	EndGlobalSection
EndGlobal
